// !$*UTF8*$!
{
	archiveVersion = 1;
	classes = {
	};
	objectVersion = 55;
	objects = {

/* Begin PBXBuildFile section */
		3A699622C9DB3694F638EFAF /* Pods_moneyspentiOS.framework in Frameworks */ = {isa = PBXBuildFile; fileRef = 7A20C91117030986824231B8 /* Pods_moneyspentiOS.framework */; };
		98493F14E98403590C4BCEE7 /* Pods_moneyspentiOS_moneyspentiOSUITests.framework in Frameworks */ = {isa = PBXBuildFile; fileRef = 8D41F8317FB36861F3CB7D9E /* Pods_moneyspentiOS_moneyspentiOSUITests.framework */; };
		C9757ECE4D42B84005B3CE0D /* Pods_moneyspentiOSTests.framework in Frameworks */ = {isa = PBXBuildFile; fileRef = B6512DDA97477F8D51359A23 /* Pods_moneyspentiOSTests.framework */; };
		FB059C072A0180630053225F /* AppDelegate.swift in Sources */ = {isa = PBXBuildFile; fileRef = FB059C062A0180630053225F /* AppDelegate.swift */; };
		FB059C092A0180630053225F /* SceneDelegate.swift in Sources */ = {isa = PBXBuildFile; fileRef = FB059C082A0180630053225F /* SceneDelegate.swift */; };
		FB059C102A0180630053225F /* Assets.xcassets in Resources */ = {isa = PBXBuildFile; fileRef = FB059C0F2A0180630053225F /* Assets.xcassets */; };
		FB059C132A0180630053225F /* LaunchScreen.storyboard in Resources */ = {isa = PBXBuildFile; fileRef = FB059C112A0180630053225F /* LaunchScreen.storyboard */; };
		FB059C1E2A0180630053225F /* moneyspentiOSTests.swift in Sources */ = {isa = PBXBuildFile; fileRef = FB059C1D2A0180630053225F /* moneyspentiOSTests.swift */; };
		FB059C282A0180640053225F /* moneyspentiOSUITests.swift in Sources */ = {isa = PBXBuildFile; fileRef = FB059C272A0180640053225F /* moneyspentiOSUITests.swift */; };
		FB059C2A2A0180640053225F /* moneyspentiOSUITestsLaunchTests.swift in Sources */ = {isa = PBXBuildFile; fileRef = FB059C292A0180640053225F /* moneyspentiOSUITestsLaunchTests.swift */; };
		FB51115E2A1277C3005EE988 /* SetBudgetViewController.swift in Sources */ = {isa = PBXBuildFile; fileRef = FB51115D2A1277C3005EE988 /* SetBudgetViewController.swift */; };
		FB5111602A1277D1005EE988 /* AddExpenseViewController.swift in Sources */ = {isa = PBXBuildFile; fileRef = FB51115F2A1277D1005EE988 /* AddExpenseViewController.swift */; };
		FB5111622A1277DC005EE988 /* ProfileViewController.swift in Sources */ = {isa = PBXBuildFile; fileRef = FB5111612A1277DC005EE988 /* ProfileViewController.swift */; };
		FB59569E2A177B0D0097A5B2 /* ExpenseCoreData.xcdatamodeld in Sources */ = {isa = PBXBuildFile; fileRef = FB59569C2A177B0C0097A5B2 /* ExpenseCoreData.xcdatamodeld */; };
		FB5956A52A177B9C0097A5B2 /* CoreDataStack.swift in Sources */ = {isa = PBXBuildFile; fileRef = FB5956A42A177B9C0097A5B2 /* CoreDataStack.swift */; };
		FB5956A72A179CF20097A5B2 /* AddExpenseViewModel.swift in Sources */ = {isa = PBXBuildFile; fileRef = FB5956A62A179CF20097A5B2 /* AddExpenseViewModel.swift */; };
		FB66E4F32A026CBF0031AF3B /* HomeViewController.swift in Sources */ = {isa = PBXBuildFile; fileRef = FB66E4F22A026CBF0031AF3B /* HomeViewController.swift */; };
		FB66E4F52A026CCA0031AF3B /* Main.storyboard in Resources */ = {isa = PBXBuildFile; fileRef = FB66E4F42A026CCA0031AF3B /* Main.storyboard */; };
		FB66E4F72A0273320031AF3B /* WelcomeViewModel.swift in Sources */ = {isa = PBXBuildFile; fileRef = FB66E4F62A0273320031AF3B /* WelcomeViewModel.swift */; };
		FB66E4F92A02733F0031AF3B /* WelcomeUsecase.swift in Sources */ = {isa = PBXBuildFile; fileRef = FB66E4F82A02733F0031AF3B /* WelcomeUsecase.swift */; };
		FB8FBB972A0236C900E8D745 /* WelcomeViewController.swift in Sources */ = {isa = PBXBuildFile; fileRef = FB8FBB962A0236C900E8D745 /* WelcomeViewController.swift */; };
		FB8FBB992A0236D800E8D745 /* SetCurrencyViewController.swift in Sources */ = {isa = PBXBuildFile; fileRef = FB8FBB982A0236D800E8D745 /* SetCurrencyViewController.swift */; };
		FB8FBB9F2A0237F300E8D745 /* OnboardingStoryboard.storyboard in Resources */ = {isa = PBXBuildFile; fileRef = FB8FBB9E2A0237F300E8D745 /* OnboardingStoryboard.storyboard */; };
		FBA2F23C2A13ABC700E4B368 /* CurrencyTableViewCell.swift in Sources */ = {isa = PBXBuildFile; fileRef = FBA2F23A2A13ABC700E4B368 /* CurrencyTableViewCell.swift */; };
		FBA2F23D2A13ABC700E4B368 /* CurrencyTableViewCell.xib in Resources */ = {isa = PBXBuildFile; fileRef = FBA2F23B2A13ABC700E4B368 /* CurrencyTableViewCell.xib */; };
		FBA2F23F2A13BC7700E4B368 /* SetCurrencyViewModel.swift in Sources */ = {isa = PBXBuildFile; fileRef = FBA2F23E2A13BC7700E4B368 /* SetCurrencyViewModel.swift */; };
		FBF9B03D2A1CCBBC00EF1AF9 /* ViewModelType.swift in Sources */ = {isa = PBXBuildFile; fileRef = FBF9B03C2A1CCBBC00EF1AF9 /* ViewModelType.swift */; };
		FBF9B03F2A1CD5F600EF1AF9 /* SetBudgetViewModel.swift in Sources */ = {isa = PBXBuildFile; fileRef = FBF9B03E2A1CD5F600EF1AF9 /* SetBudgetViewModel.swift */; };
/* End PBXBuildFile section */

/* Begin PBXContainerItemProxy section */
		FB059C1A2A0180630053225F /* PBXContainerItemProxy */ = {
			isa = PBXContainerItemProxy;
			containerPortal = FB059BFB2A0180630053225F /* Project object */;
			proxyType = 1;
			remoteGlobalIDString = FB059C022A0180630053225F;
			remoteInfo = moneyspentiOS;
		};
		FB059C242A0180640053225F /* PBXContainerItemProxy */ = {
			isa = PBXContainerItemProxy;
			containerPortal = FB059BFB2A0180630053225F /* Project object */;
			proxyType = 1;
			remoteGlobalIDString = FB059C022A0180630053225F;
			remoteInfo = moneyspentiOS;
		};
/* End PBXContainerItemProxy section */

/* Begin PBXFileReference section */
		78BB3417A2C6214F8D561C59 /* Pods-moneyspentiOS-moneyspentiOSUITests.release.xcconfig */ = {isa = PBXFileReference; includeInIndex = 1; lastKnownFileType = text.xcconfig; name = "Pods-moneyspentiOS-moneyspentiOSUITests.release.xcconfig"; path = "Target Support Files/Pods-moneyspentiOS-moneyspentiOSUITests/Pods-moneyspentiOS-moneyspentiOSUITests.release.xcconfig"; sourceTree = "<group>"; };
		7A20C91117030986824231B8 /* Pods_moneyspentiOS.framework */ = {isa = PBXFileReference; explicitFileType = wrapper.framework; includeInIndex = 0; path = Pods_moneyspentiOS.framework; sourceTree = BUILT_PRODUCTS_DIR; };
		8D41F8317FB36861F3CB7D9E /* Pods_moneyspentiOS_moneyspentiOSUITests.framework */ = {isa = PBXFileReference; explicitFileType = wrapper.framework; includeInIndex = 0; path = Pods_moneyspentiOS_moneyspentiOSUITests.framework; sourceTree = BUILT_PRODUCTS_DIR; };
		8ED80B93FEDD3D40D150D01F /* Pods-moneyspentiOSTests.release.xcconfig */ = {isa = PBXFileReference; includeInIndex = 1; lastKnownFileType = text.xcconfig; name = "Pods-moneyspentiOSTests.release.xcconfig"; path = "Target Support Files/Pods-moneyspentiOSTests/Pods-moneyspentiOSTests.release.xcconfig"; sourceTree = "<group>"; };
		94B254E0A2765B3CCA94A61F /* Pods-moneyspentiOS.release.xcconfig */ = {isa = PBXFileReference; includeInIndex = 1; lastKnownFileType = text.xcconfig; name = "Pods-moneyspentiOS.release.xcconfig"; path = "Target Support Files/Pods-moneyspentiOS/Pods-moneyspentiOS.release.xcconfig"; sourceTree = "<group>"; };
		B6512DDA97477F8D51359A23 /* Pods_moneyspentiOSTests.framework */ = {isa = PBXFileReference; explicitFileType = wrapper.framework; includeInIndex = 0; path = Pods_moneyspentiOSTests.framework; sourceTree = BUILT_PRODUCTS_DIR; };
		B868F772165D90DD510C1E80 /* Pods-moneyspentiOS-moneyspentiOSUITests.debug.xcconfig */ = {isa = PBXFileReference; includeInIndex = 1; lastKnownFileType = text.xcconfig; name = "Pods-moneyspentiOS-moneyspentiOSUITests.debug.xcconfig"; path = "Target Support Files/Pods-moneyspentiOS-moneyspentiOSUITests/Pods-moneyspentiOS-moneyspentiOSUITests.debug.xcconfig"; sourceTree = "<group>"; };
		E88EACDF434633D9B4E53304 /* Pods-moneyspentiOS.debug.xcconfig */ = {isa = PBXFileReference; includeInIndex = 1; lastKnownFileType = text.xcconfig; name = "Pods-moneyspentiOS.debug.xcconfig"; path = "Target Support Files/Pods-moneyspentiOS/Pods-moneyspentiOS.debug.xcconfig"; sourceTree = "<group>"; };
		F7C6B56F994811A6ADE17A39 /* Pods-moneyspentiOSTests.debug.xcconfig */ = {isa = PBXFileReference; includeInIndex = 1; lastKnownFileType = text.xcconfig; name = "Pods-moneyspentiOSTests.debug.xcconfig"; path = "Target Support Files/Pods-moneyspentiOSTests/Pods-moneyspentiOSTests.debug.xcconfig"; sourceTree = "<group>"; };
		FB059C032A0180630053225F /* moneyspentiOS.app */ = {isa = PBXFileReference; explicitFileType = wrapper.application; includeInIndex = 0; path = moneyspentiOS.app; sourceTree = BUILT_PRODUCTS_DIR; };
		FB059C062A0180630053225F /* AppDelegate.swift */ = {isa = PBXFileReference; lastKnownFileType = sourcecode.swift; path = AppDelegate.swift; sourceTree = "<group>"; };
		FB059C082A0180630053225F /* SceneDelegate.swift */ = {isa = PBXFileReference; lastKnownFileType = sourcecode.swift; path = SceneDelegate.swift; sourceTree = "<group>"; };
		FB059C0F2A0180630053225F /* Assets.xcassets */ = {isa = PBXFileReference; lastKnownFileType = folder.assetcatalog; path = Assets.xcassets; sourceTree = "<group>"; };
		FB059C122A0180630053225F /* Base */ = {isa = PBXFileReference; lastKnownFileType = file.storyboard; name = Base; path = Base.lproj/LaunchScreen.storyboard; sourceTree = "<group>"; };
		FB059C142A0180630053225F /* Info.plist */ = {isa = PBXFileReference; lastKnownFileType = text.plist.xml; path = Info.plist; sourceTree = "<group>"; };
		FB059C192A0180630053225F /* moneyspentiOSTests.xctest */ = {isa = PBXFileReference; explicitFileType = wrapper.cfbundle; includeInIndex = 0; path = moneyspentiOSTests.xctest; sourceTree = BUILT_PRODUCTS_DIR; };
		FB059C1D2A0180630053225F /* moneyspentiOSTests.swift */ = {isa = PBXFileReference; lastKnownFileType = sourcecode.swift; path = moneyspentiOSTests.swift; sourceTree = "<group>"; };
		FB059C232A0180640053225F /* moneyspentiOSUITests.xctest */ = {isa = PBXFileReference; explicitFileType = wrapper.cfbundle; includeInIndex = 0; path = moneyspentiOSUITests.xctest; sourceTree = BUILT_PRODUCTS_DIR; };
		FB059C272A0180640053225F /* moneyspentiOSUITests.swift */ = {isa = PBXFileReference; lastKnownFileType = sourcecode.swift; path = moneyspentiOSUITests.swift; sourceTree = "<group>"; };
		FB059C292A0180640053225F /* moneyspentiOSUITestsLaunchTests.swift */ = {isa = PBXFileReference; lastKnownFileType = sourcecode.swift; path = moneyspentiOSUITestsLaunchTests.swift; sourceTree = "<group>"; };
		FB51115D2A1277C3005EE988 /* SetBudgetViewController.swift */ = {isa = PBXFileReference; lastKnownFileType = sourcecode.swift; path = SetBudgetViewController.swift; sourceTree = "<group>"; };
		FB51115F2A1277D1005EE988 /* AddExpenseViewController.swift */ = {isa = PBXFileReference; lastKnownFileType = sourcecode.swift; path = AddExpenseViewController.swift; sourceTree = "<group>"; };
		FB5111612A1277DC005EE988 /* ProfileViewController.swift */ = {isa = PBXFileReference; lastKnownFileType = sourcecode.swift; path = ProfileViewController.swift; sourceTree = "<group>"; };
		FB59569D2A177B0C0097A5B2 /* ExpenseCoreData.xcdatamodel */ = {isa = PBXFileReference; lastKnownFileType = wrapper.xcdatamodel; path = ExpenseCoreData.xcdatamodel; sourceTree = "<group>"; };
		FB5956A42A177B9C0097A5B2 /* CoreDataStack.swift */ = {isa = PBXFileReference; lastKnownFileType = sourcecode.swift; path = CoreDataStack.swift; sourceTree = "<group>"; };
		FB5956A62A179CF20097A5B2 /* AddExpenseViewModel.swift */ = {isa = PBXFileReference; lastKnownFileType = sourcecode.swift; path = AddExpenseViewModel.swift; sourceTree = "<group>"; };
		FB66E4F22A026CBF0031AF3B /* HomeViewController.swift */ = {isa = PBXFileReference; lastKnownFileType = sourcecode.swift; path = HomeViewController.swift; sourceTree = "<group>"; };
		FB66E4F42A026CCA0031AF3B /* Main.storyboard */ = {isa = PBXFileReference; lastKnownFileType = file.storyboard; path = Main.storyboard; sourceTree = "<group>"; };
		FB66E4F62A0273320031AF3B /* WelcomeViewModel.swift */ = {isa = PBXFileReference; lastKnownFileType = sourcecode.swift; path = WelcomeViewModel.swift; sourceTree = "<group>"; };
		FB66E4F82A02733F0031AF3B /* WelcomeUsecase.swift */ = {isa = PBXFileReference; lastKnownFileType = sourcecode.swift; path = WelcomeUsecase.swift; sourceTree = "<group>"; };
		FB8FBB962A0236C900E8D745 /* WelcomeViewController.swift */ = {isa = PBXFileReference; lastKnownFileType = sourcecode.swift; path = WelcomeViewController.swift; sourceTree = "<group>"; };
		FB8FBB982A0236D800E8D745 /* SetCurrencyViewController.swift */ = {isa = PBXFileReference; lastKnownFileType = sourcecode.swift; path = SetCurrencyViewController.swift; sourceTree = "<group>"; };
		FB8FBB9E2A0237F300E8D745 /* OnboardingStoryboard.storyboard */ = {isa = PBXFileReference; lastKnownFileType = file.storyboard; path = OnboardingStoryboard.storyboard; sourceTree = "<group>"; };
		FBA2F23A2A13ABC700E4B368 /* CurrencyTableViewCell.swift */ = {isa = PBXFileReference; lastKnownFileType = sourcecode.swift; path = CurrencyTableViewCell.swift; sourceTree = "<group>"; };
		FBA2F23B2A13ABC700E4B368 /* CurrencyTableViewCell.xib */ = {isa = PBXFileReference; lastKnownFileType = file.xib; path = CurrencyTableViewCell.xib; sourceTree = "<group>"; };
		FBA2F23E2A13BC7700E4B368 /* SetCurrencyViewModel.swift */ = {isa = PBXFileReference; lastKnownFileType = sourcecode.swift; path = SetCurrencyViewModel.swift; sourceTree = "<group>"; };
		FBF9B03C2A1CCBBC00EF1AF9 /* ViewModelType.swift */ = {isa = PBXFileReference; lastKnownFileType = sourcecode.swift; path = ViewModelType.swift; sourceTree = "<group>"; };
		FBF9B03E2A1CD5F600EF1AF9 /* SetBudgetViewModel.swift */ = {isa = PBXFileReference; lastKnownFileType = sourcecode.swift; path = SetBudgetViewModel.swift; sourceTree = "<group>"; };
/* End PBXFileReference section */

/* Begin PBXFrameworksBuildPhase section */
		FB059C002A0180630053225F /* Frameworks */ = {
			isa = PBXFrameworksBuildPhase;
			buildActionMask = 2147483647;
			files = (
				3A699622C9DB3694F638EFAF /* Pods_moneyspentiOS.framework in Frameworks */,
			);
			runOnlyForDeploymentPostprocessing = 0;
		};
		FB059C162A0180630053225F /* Frameworks */ = {
			isa = PBXFrameworksBuildPhase;
			buildActionMask = 2147483647;
			files = (
				C9757ECE4D42B84005B3CE0D /* Pods_moneyspentiOSTests.framework in Frameworks */,
			);
			runOnlyForDeploymentPostprocessing = 0;
		};
		FB059C202A0180640053225F /* Frameworks */ = {
			isa = PBXFrameworksBuildPhase;
			buildActionMask = 2147483647;
			files = (
				98493F14E98403590C4BCEE7 /* Pods_moneyspentiOS_moneyspentiOSUITests.framework in Frameworks */,
			);
			runOnlyForDeploymentPostprocessing = 0;
		};
/* End PBXFrameworksBuildPhase section */

/* Begin PBXGroup section */
		0292BB9ABD013DD9DFF4A61B /* Pods */ = {
			isa = PBXGroup;
			children = (
				E88EACDF434633D9B4E53304 /* Pods-moneyspentiOS.debug.xcconfig */,
				94B254E0A2765B3CCA94A61F /* Pods-moneyspentiOS.release.xcconfig */,
				B868F772165D90DD510C1E80 /* Pods-moneyspentiOS-moneyspentiOSUITests.debug.xcconfig */,
				78BB3417A2C6214F8D561C59 /* Pods-moneyspentiOS-moneyspentiOSUITests.release.xcconfig */,
				F7C6B56F994811A6ADE17A39 /* Pods-moneyspentiOSTests.debug.xcconfig */,
				8ED80B93FEDD3D40D150D01F /* Pods-moneyspentiOSTests.release.xcconfig */,
			);
			path = Pods;
			sourceTree = "<group>";
		};
		132F0A703632330F54255942 /* Frameworks */ = {
			isa = PBXGroup;
			children = (
				7A20C91117030986824231B8 /* Pods_moneyspentiOS.framework */,
				8D41F8317FB36861F3CB7D9E /* Pods_moneyspentiOS_moneyspentiOSUITests.framework */,
				B6512DDA97477F8D51359A23 /* Pods_moneyspentiOSTests.framework */,
			);
			name = Frameworks;
			sourceTree = "<group>";
		};
		FB059BFA2A0180630053225F = {
			isa = PBXGroup;
			children = (
				FB059C052A0180630053225F /* moneyspentiOS */,
				FB059C1C2A0180630053225F /* moneyspentiOSTests */,
				FB059C262A0180640053225F /* moneyspentiOSUITests */,
				FB059C042A0180630053225F /* Products */,
				0292BB9ABD013DD9DFF4A61B /* Pods */,
				132F0A703632330F54255942 /* Frameworks */,
			);
			sourceTree = "<group>";
		};
		FB059C042A0180630053225F /* Products */ = {
			isa = PBXGroup;
			children = (
				FB059C032A0180630053225F /* moneyspentiOS.app */,
				FB059C192A0180630053225F /* moneyspentiOSTests.xctest */,
				FB059C232A0180640053225F /* moneyspentiOSUITests.xctest */,
			);
			name = Products;
			sourceTree = "<group>";
		};
		FB059C052A0180630053225F /* moneyspentiOS */ = {
			isa = PBXGroup;
			children = (
				FBF9B03B2A1CCBA900EF1AF9 /* common */,
				FB5956A32A177B7D0097A5B2 /* database */,
				FB8FBBA02A025F4F00E8D745 /* home */,
				FB8FBB952A02363300E8D745 /* onboarding */,
				FB059C062A0180630053225F /* AppDelegate.swift */,
				FB059C082A0180630053225F /* SceneDelegate.swift */,
				FB059C0F2A0180630053225F /* Assets.xcassets */,
				FB059C112A0180630053225F /* LaunchScreen.storyboard */,
				FB059C142A0180630053225F /* Info.plist */,
			);
			path = moneyspentiOS;
			sourceTree = "<group>";
		};
		FB059C1C2A0180630053225F /* moneyspentiOSTests */ = {
			isa = PBXGroup;
			children = (
				FB059C1D2A0180630053225F /* moneyspentiOSTests.swift */,
			);
			path = moneyspentiOSTests;
			sourceTree = "<group>";
		};
		FB059C262A0180640053225F /* moneyspentiOSUITests */ = {
			isa = PBXGroup;
			children = (
				FB059C272A0180640053225F /* moneyspentiOSUITests.swift */,
				FB059C292A0180640053225F /* moneyspentiOSUITestsLaunchTests.swift */,
			);
			path = moneyspentiOSUITests;
			sourceTree = "<group>";
		};
		FB5956A32A177B7D0097A5B2 /* database */ = {
			isa = PBXGroup;
			children = (
				FB59569C2A177B0C0097A5B2 /* ExpenseCoreData.xcdatamodeld */,
				FB5956A42A177B9C0097A5B2 /* CoreDataStack.swift */,
			);
			path = database;
			sourceTree = "<group>";
		};
		FB8FBB952A02363300E8D745 /* onboarding */ = {
			isa = PBXGroup;
			children = (
				FB8FBB962A0236C900E8D745 /* WelcomeViewController.swift */,
				FB8FBB982A0236D800E8D745 /* SetCurrencyViewController.swift */,
				FB8FBB9E2A0237F300E8D745 /* OnboardingStoryboard.storyboard */,
				FB66E4F62A0273320031AF3B /* WelcomeViewModel.swift */,
				FB66E4F82A02733F0031AF3B /* WelcomeUsecase.swift */,
				FBA2F23A2A13ABC700E4B368 /* CurrencyTableViewCell.swift */,
				FBA2F23B2A13ABC700E4B368 /* CurrencyTableViewCell.xib */,
				FBA2F23E2A13BC7700E4B368 /* SetCurrencyViewModel.swift */,
			);
			path = onboarding;
			sourceTree = "<group>";
		};
		FB8FBBA02A025F4F00E8D745 /* home */ = {
			isa = PBXGroup;
			children = (
				FB66E4F22A026CBF0031AF3B /* HomeViewController.swift */,
				FB66E4F42A026CCA0031AF3B /* Main.storyboard */,
				FB51115D2A1277C3005EE988 /* SetBudgetViewController.swift */,
				FB51115F2A1277D1005EE988 /* AddExpenseViewController.swift */,
				FB5111612A1277DC005EE988 /* ProfileViewController.swift */,
				FB5956A62A179CF20097A5B2 /* AddExpenseViewModel.swift */,
				FBF9B03E2A1CD5F600EF1AF9 /* SetBudgetViewModel.swift */,
			);
			path = home;
			sourceTree = "<group>";
		};
		FBF9B03B2A1CCBA900EF1AF9 /* common */ = {
			isa = PBXGroup;
			children = (
				FBF9B03C2A1CCBBC00EF1AF9 /* ViewModelType.swift */,
			);
			path = common;
			sourceTree = "<group>";
		};
/* End PBXGroup section */

/* Begin PBXNativeTarget section */
		FB059C022A0180630053225F /* moneyspentiOS */ = {
			isa = PBXNativeTarget;
			buildConfigurationList = FB059C2D2A0180640053225F /* Build configuration list for PBXNativeTarget "moneyspentiOS" */;
			buildPhases = (
				80B755B056C23365A593C8BA /* [CP] Check Pods Manifest.lock */,
				FB059BFF2A0180630053225F /* Sources */,
				FB059C002A0180630053225F /* Frameworks */,
				FB059C012A0180630053225F /* Resources */,
				C7E56872D79C45BEBE812173 /* [CP] Embed Pods Frameworks */,
			);
			buildRules = (
			);
			dependencies = (
			);
			name = moneyspentiOS;
			productName = moneyspentiOS;
			productReference = FB059C032A0180630053225F /* moneyspentiOS.app */;
			productType = "com.apple.product-type.application";
		};
		FB059C182A0180630053225F /* moneyspentiOSTests */ = {
			isa = PBXNativeTarget;
			buildConfigurationList = FB059C302A0180640053225F /* Build configuration list for PBXNativeTarget "moneyspentiOSTests" */;
			buildPhases = (
				089D7D0EDE671876170694F8 /* [CP] Check Pods Manifest.lock */,
				FB059C152A0180630053225F /* Sources */,
				FB059C162A0180630053225F /* Frameworks */,
				FB059C172A0180630053225F /* Resources */,
			);
			buildRules = (
			);
			dependencies = (
				FB059C1B2A0180630053225F /* PBXTargetDependency */,
			);
			name = moneyspentiOSTests;
			productName = moneyspentiOSTests;
			productReference = FB059C192A0180630053225F /* moneyspentiOSTests.xctest */;
			productType = "com.apple.product-type.bundle.unit-test";
		};
		FB059C222A0180640053225F /* moneyspentiOSUITests */ = {
			isa = PBXNativeTarget;
			buildConfigurationList = FB059C332A0180640053225F /* Build configuration list for PBXNativeTarget "moneyspentiOSUITests" */;
			buildPhases = (
				79108EFB279E9254C31A3927 /* [CP] Check Pods Manifest.lock */,
				FB059C1F2A0180640053225F /* Sources */,
				FB059C202A0180640053225F /* Frameworks */,
				FB059C212A0180640053225F /* Resources */,
				E9EB9286BDE7B754621433FC /* [CP] Embed Pods Frameworks */,
			);
			buildRules = (
			);
			dependencies = (
				FB059C252A0180640053225F /* PBXTargetDependency */,
			);
			name = moneyspentiOSUITests;
			productName = moneyspentiOSUITests;
			productReference = FB059C232A0180640053225F /* moneyspentiOSUITests.xctest */;
			productType = "com.apple.product-type.bundle.ui-testing";
		};
/* End PBXNativeTarget section */

/* Begin PBXProject section */
		FB059BFB2A0180630053225F /* Project object */ = {
			isa = PBXProject;
			attributes = {
				BuildIndependentTargetsInParallel = 1;
				LastSwiftUpdateCheck = 1340;
				LastUpgradeCheck = 1340;
				TargetAttributes = {
					FB059C022A0180630053225F = {
						CreatedOnToolsVersion = 13.4.1;
					};
					FB059C182A0180630053225F = {
						CreatedOnToolsVersion = 13.4.1;
						TestTargetID = FB059C022A0180630053225F;
					};
					FB059C222A0180640053225F = {
						CreatedOnToolsVersion = 13.4.1;
						TestTargetID = FB059C022A0180630053225F;
					};
				};
			};
			buildConfigurationList = FB059BFE2A0180630053225F /* Build configuration list for PBXProject "moneyspentiOS" */;
			compatibilityVersion = "Xcode 13.0";
			developmentRegion = en;
			hasScannedForEncodings = 0;
			knownRegions = (
				en,
				Base,
			);
			mainGroup = FB059BFA2A0180630053225F;
			productRefGroup = FB059C042A0180630053225F /* Products */;
			projectDirPath = "";
			projectRoot = "";
			targets = (
				FB059C022A0180630053225F /* moneyspentiOS */,
				FB059C182A0180630053225F /* moneyspentiOSTests */,
				FB059C222A0180640053225F /* moneyspentiOSUITests */,
			);
		};
/* End PBXProject section */

/* Begin PBXResourcesBuildPhase section */
		FB059C012A0180630053225F /* Resources */ = {
			isa = PBXResourcesBuildPhase;
			buildActionMask = 2147483647;
			files = (
				FB059C132A0180630053225F /* LaunchScreen.storyboard in Resources */,
				FBA2F23D2A13ABC700E4B368 /* CurrencyTableViewCell.xib in Resources */,
				FB059C102A0180630053225F /* Assets.xcassets in Resources */,
				FB66E4F52A026CCA0031AF3B /* Main.storyboard in Resources */,
				FB8FBB9F2A0237F300E8D745 /* OnboardingStoryboard.storyboard in Resources */,
			);
			runOnlyForDeploymentPostprocessing = 0;
		};
		FB059C172A0180630053225F /* Resources */ = {
			isa = PBXResourcesBuildPhase;
			buildActionMask = 2147483647;
			files = (
			);
			runOnlyForDeploymentPostprocessing = 0;
		};
		FB059C212A0180640053225F /* Resources */ = {
			isa = PBXResourcesBuildPhase;
			buildActionMask = 2147483647;
			files = (
			);
			runOnlyForDeploymentPostprocessing = 0;
		};
/* End PBXResourcesBuildPhase section */

/* Begin PBXShellScriptBuildPhase section */
		089D7D0EDE671876170694F8 /* [CP] Check Pods Manifest.lock */ = {
			isa = PBXShellScriptBuildPhase;
			buildActionMask = 2147483647;
			files = (
			);
			inputFileListPaths = (
			);
			inputPaths = (
				"${PODS_PODFILE_DIR_PATH}/Podfile.lock",
				"${PODS_ROOT}/Manifest.lock",
			);
			name = "[CP] Check Pods Manifest.lock";
			outputFileListPaths = (
			);
			outputPaths = (
				"$(DERIVED_FILE_DIR)/Pods-moneyspentiOSTests-checkManifestLockResult.txt",
			);
			runOnlyForDeploymentPostprocessing = 0;
			shellPath = /bin/sh;
			shellScript = "diff \"${PODS_PODFILE_DIR_PATH}/Podfile.lock\" \"${PODS_ROOT}/Manifest.lock\" > /dev/null\nif [ $? != 0 ] ; then\n    # print error to STDERR\n    echo \"error: The sandbox is not in sync with the Podfile.lock. Run 'pod install' or update your CocoaPods installation.\" >&2\n    exit 1\nfi\n# This output is used by Xcode 'outputs' to avoid re-running this script phase.\necho \"SUCCESS\" > \"${SCRIPT_OUTPUT_FILE_0}\"\n";
			showEnvVarsInLog = 0;
		};
		79108EFB279E9254C31A3927 /* [CP] Check Pods Manifest.lock */ = {
			isa = PBXShellScriptBuildPhase;
			buildActionMask = 2147483647;
			files = (
			);
			inputFileListPaths = (
			);
			inputPaths = (
				"${PODS_PODFILE_DIR_PATH}/Podfile.lock",
				"${PODS_ROOT}/Manifest.lock",
			);
			name = "[CP] Check Pods Manifest.lock";
			outputFileListPaths = (
			);
			outputPaths = (
				"$(DERIVED_FILE_DIR)/Pods-moneyspentiOS-moneyspentiOSUITests-checkManifestLockResult.txt",
			);
			runOnlyForDeploymentPostprocessing = 0;
			shellPath = /bin/sh;
			shellScript = "diff \"${PODS_PODFILE_DIR_PATH}/Podfile.lock\" \"${PODS_ROOT}/Manifest.lock\" > /dev/null\nif [ $? != 0 ] ; then\n    # print error to STDERR\n    echo \"error: The sandbox is not in sync with the Podfile.lock. Run 'pod install' or update your CocoaPods installation.\" >&2\n    exit 1\nfi\n# This output is used by Xcode 'outputs' to avoid re-running this script phase.\necho \"SUCCESS\" > \"${SCRIPT_OUTPUT_FILE_0}\"\n";
			showEnvVarsInLog = 0;
		};
		80B755B056C23365A593C8BA /* [CP] Check Pods Manifest.lock */ = {
			isa = PBXShellScriptBuildPhase;
			buildActionMask = 2147483647;
			files = (
			);
			inputFileListPaths = (
			);
			inputPaths = (
				"${PODS_PODFILE_DIR_PATH}/Podfile.lock",
				"${PODS_ROOT}/Manifest.lock",
			);
			name = "[CP] Check Pods Manifest.lock";
			outputFileListPaths = (
			);
			outputPaths = (
				"$(DERIVED_FILE_DIR)/Pods-moneyspentiOS-checkManifestLockResult.txt",
			);
			runOnlyForDeploymentPostprocessing = 0;
			shellPath = /bin/sh;
			shellScript = "diff \"${PODS_PODFILE_DIR_PATH}/Podfile.lock\" \"${PODS_ROOT}/Manifest.lock\" > /dev/null\nif [ $? != 0 ] ; then\n    # print error to STDERR\n    echo \"error: The sandbox is not in sync with the Podfile.lock. Run 'pod install' or update your CocoaPods installation.\" >&2\n    exit 1\nfi\n# This output is used by Xcode 'outputs' to avoid re-running this script phase.\necho \"SUCCESS\" > \"${SCRIPT_OUTPUT_FILE_0}\"\n";
			showEnvVarsInLog = 0;
		};
		C7E56872D79C45BEBE812173 /* [CP] Embed Pods Frameworks */ = {
			isa = PBXShellScriptBuildPhase;
			buildActionMask = 2147483647;
			files = (
			);
			inputFileListPaths = (
				"${PODS_ROOT}/Target Support Files/Pods-moneyspentiOS/Pods-moneyspentiOS-frameworks-${CONFIGURATION}-input-files.xcfilelist",
			);
			name = "[CP] Embed Pods Frameworks";
			outputFileListPaths = (
				"${PODS_ROOT}/Target Support Files/Pods-moneyspentiOS/Pods-moneyspentiOS-frameworks-${CONFIGURATION}-output-files.xcfilelist",
			);
			runOnlyForDeploymentPostprocessing = 0;
			shellPath = /bin/sh;
			shellScript = "\"${PODS_ROOT}/Target Support Files/Pods-moneyspentiOS/Pods-moneyspentiOS-frameworks.sh\"\n";
			showEnvVarsInLog = 0;
		};
		E9EB9286BDE7B754621433FC /* [CP] Embed Pods Frameworks */ = {
			isa = PBXShellScriptBuildPhase;
			buildActionMask = 2147483647;
			files = (
			);
			inputFileListPaths = (
				"${PODS_ROOT}/Target Support Files/Pods-moneyspentiOS-moneyspentiOSUITests/Pods-moneyspentiOS-moneyspentiOSUITests-frameworks-${CONFIGURATION}-input-files.xcfilelist",
			);
			name = "[CP] Embed Pods Frameworks";
			outputFileListPaths = (
				"${PODS_ROOT}/Target Support Files/Pods-moneyspentiOS-moneyspentiOSUITests/Pods-moneyspentiOS-moneyspentiOSUITests-frameworks-${CONFIGURATION}-output-files.xcfilelist",
			);
			runOnlyForDeploymentPostprocessing = 0;
			shellPath = /bin/sh;
			shellScript = "\"${PODS_ROOT}/Target Support Files/Pods-moneyspentiOS-moneyspentiOSUITests/Pods-moneyspentiOS-moneyspentiOSUITests-frameworks.sh\"\n";
			showEnvVarsInLog = 0;
		};
/* End PBXShellScriptBuildPhase section */

/* Begin PBXSourcesBuildPhase section */
		FB059BFF2A0180630053225F /* Sources */ = {
			isa = PBXSourcesBuildPhase;
			buildActionMask = 2147483647;
			files = (
				FB5956A72A179CF20097A5B2 /* AddExpenseViewModel.swift in Sources */,
				FB8FBB992A0236D800E8D745 /* SetCurrencyViewController.swift in Sources */,
				FBF9B03F2A1CD5F600EF1AF9 /* SetBudgetViewModel.swift in Sources */,
				FB51115E2A1277C3005EE988 /* SetBudgetViewController.swift in Sources */,
				FB8FBB972A0236C900E8D745 /* WelcomeViewController.swift in Sources */,
				FB59569E2A177B0D0097A5B2 /* ExpenseCoreData.xcdatamodeld in Sources */,
				FBA2F23C2A13ABC700E4B368 /* CurrencyTableViewCell.swift in Sources */,
				FB66E4F72A0273320031AF3B /* WelcomeViewModel.swift in Sources */,
				FB5956A52A177B9C0097A5B2 /* CoreDataStack.swift in Sources */,
				FB66E4F92A02733F0031AF3B /* WelcomeUsecase.swift in Sources */,
				FB5111622A1277DC005EE988 /* ProfileViewController.swift in Sources */,
				FB059C072A0180630053225F /* AppDelegate.swift in Sources */,
				FBA2F23F2A13BC7700E4B368 /* SetCurrencyViewModel.swift in Sources */,
				FBF9B03D2A1CCBBC00EF1AF9 /* ViewModelType.swift in Sources */,
				FB5111602A1277D1005EE988 /* AddExpenseViewController.swift in Sources */,
				FB059C092A0180630053225F /* SceneDelegate.swift in Sources */,
				FB66E4F32A026CBF0031AF3B /* HomeViewController.swift in Sources */,
			);
			runOnlyForDeploymentPostprocessing = 0;
		};
		FB059C152A0180630053225F /* Sources */ = {
			isa = PBXSourcesBuildPhase;
			buildActionMask = 2147483647;
			files = (
				FB059C1E2A0180630053225F /* moneyspentiOSTests.swift in Sources */,
			);
			runOnlyForDeploymentPostprocessing = 0;
		};
		FB059C1F2A0180640053225F /* Sources */ = {
			isa = PBXSourcesBuildPhase;
			buildActionMask = 2147483647;
			files = (
				FB059C2A2A0180640053225F /* moneyspentiOSUITestsLaunchTests.swift in Sources */,
				FB059C282A0180640053225F /* moneyspentiOSUITests.swift in Sources */,
			);
			runOnlyForDeploymentPostprocessing = 0;
		};
/* End PBXSourcesBuildPhase section */

/* Begin PBXTargetDependency section */
		FB059C1B2A0180630053225F /* PBXTargetDependency */ = {
			isa = PBXTargetDependency;
			target = FB059C022A0180630053225F /* moneyspentiOS */;
			targetProxy = FB059C1A2A0180630053225F /* PBXContainerItemProxy */;
		};
		FB059C252A0180640053225F /* PBXTargetDependency */ = {
			isa = PBXTargetDependency;
			target = FB059C022A0180630053225F /* moneyspentiOS */;
			targetProxy = FB059C242A0180640053225F /* PBXContainerItemProxy */;
		};
/* End PBXTargetDependency section */

/* Begin PBXVariantGroup section */
		FB059C112A0180630053225F /* LaunchScreen.storyboard */ = {
			isa = PBXVariantGroup;
			children = (
				FB059C122A0180630053225F /* Base */,
			);
			name = LaunchScreen.storyboard;
			sourceTree = "<group>";
		};
/* End PBXVariantGroup section */

/* Begin XCBuildConfiguration section */
		FB059C2B2A0180640053225F /* Debug */ = {
			isa = XCBuildConfiguration;
			buildSettings = {
				ALWAYS_SEARCH_USER_PATHS = NO;
				CLANG_ANALYZER_NONNULL = YES;
				CLANG_ANALYZER_NUMBER_OBJECT_CONVERSION = YES_AGGRESSIVE;
				CLANG_CXX_LANGUAGE_STANDARD = "gnu++17";
				CLANG_ENABLE_MODULES = YES;
				CLANG_ENABLE_OBJC_ARC = YES;
				CLANG_ENABLE_OBJC_WEAK = YES;
				CLANG_WARN_BLOCK_CAPTURE_AUTORELEASING = YES;
				CLANG_WARN_BOOL_CONVERSION = YES;
				CLANG_WARN_COMMA = YES;
				CLANG_WARN_CONSTANT_CONVERSION = YES;
				CLANG_WARN_DEPRECATED_OBJC_IMPLEMENTATIONS = YES;
				CLANG_WARN_DIRECT_OBJC_ISA_USAGE = YES_ERROR;
				CLANG_WARN_DOCUMENTATION_COMMENTS = YES;
				CLANG_WARN_EMPTY_BODY = YES;
				CLANG_WARN_ENUM_CONVERSION = YES;
				CLANG_WARN_INFINITE_RECURSION = YES;
				CLANG_WARN_INT_CONVERSION = YES;
				CLANG_WARN_NON_LITERAL_NULL_CONVERSION = YES;
				CLANG_WARN_OBJC_IMPLICIT_RETAIN_SELF = YES;
				CLANG_WARN_OBJC_LITERAL_CONVERSION = YES;
				CLANG_WARN_OBJC_ROOT_CLASS = YES_ERROR;
				CLANG_WARN_QUOTED_INCLUDE_IN_FRAMEWORK_HEADER = YES;
				CLANG_WARN_RANGE_LOOP_ANALYSIS = YES;
				CLANG_WARN_STRICT_PROTOTYPES = YES;
				CLANG_WARN_SUSPICIOUS_MOVE = YES;
				CLANG_WARN_UNGUARDED_AVAILABILITY = YES_AGGRESSIVE;
				CLANG_WARN_UNREACHABLE_CODE = YES;
				CLANG_WARN__DUPLICATE_METHOD_MATCH = YES;
				COPY_PHASE_STRIP = NO;
				DEBUG_INFORMATION_FORMAT = dwarf;
				ENABLE_STRICT_OBJC_MSGSEND = YES;
				ENABLE_TESTABILITY = YES;
				GCC_C_LANGUAGE_STANDARD = gnu11;
				GCC_DYNAMIC_NO_PIC = NO;
				GCC_NO_COMMON_BLOCKS = YES;
				GCC_OPTIMIZATION_LEVEL = 0;
				GCC_PREPROCESSOR_DEFINITIONS = (
					"DEBUG=1",
					"$(inherited)",
				);
				GCC_WARN_64_TO_32_BIT_CONVERSION = YES;
				GCC_WARN_ABOUT_RETURN_TYPE = YES_ERROR;
				GCC_WARN_UNDECLARED_SELECTOR = YES;
				GCC_WARN_UNINITIALIZED_AUTOS = YES_AGGRESSIVE;
				GCC_WARN_UNUSED_FUNCTION = YES;
				GCC_WARN_UNUSED_VARIABLE = YES;
				IPHONEOS_DEPLOYMENT_TARGET = 15.5;
				MTL_ENABLE_DEBUG_INFO = INCLUDE_SOURCE;
				MTL_FAST_MATH = YES;
				ONLY_ACTIVE_ARCH = YES;
				SDKROOT = iphoneos;
				SWIFT_ACTIVE_COMPILATION_CONDITIONS = DEBUG;
				SWIFT_OPTIMIZATION_LEVEL = "-Onone";
			};
			name = Debug;
		};
		FB059C2C2A0180640053225F /* Release */ = {
			isa = XCBuildConfiguration;
			buildSettings = {
				ALWAYS_SEARCH_USER_PATHS = NO;
				CLANG_ANALYZER_NONNULL = YES;
				CLANG_ANALYZER_NUMBER_OBJECT_CONVERSION = YES_AGGRESSIVE;
				CLANG_CXX_LANGUAGE_STANDARD = "gnu++17";
				CLANG_ENABLE_MODULES = YES;
				CLANG_ENABLE_OBJC_ARC = YES;
				CLANG_ENABLE_OBJC_WEAK = YES;
				CLANG_WARN_BLOCK_CAPTURE_AUTORELEASING = YES;
				CLANG_WARN_BOOL_CONVERSION = YES;
				CLANG_WARN_COMMA = YES;
				CLANG_WARN_CONSTANT_CONVERSION = YES;
				CLANG_WARN_DEPRECATED_OBJC_IMPLEMENTATIONS = YES;
				CLANG_WARN_DIRECT_OBJC_ISA_USAGE = YES_ERROR;
				CLANG_WARN_DOCUMENTATION_COMMENTS = YES;
				CLANG_WARN_EMPTY_BODY = YES;
				CLANG_WARN_ENUM_CONVERSION = YES;
				CLANG_WARN_INFINITE_RECURSION = YES;
				CLANG_WARN_INT_CONVERSION = YES;
				CLANG_WARN_NON_LITERAL_NULL_CONVERSION = YES;
				CLANG_WARN_OBJC_IMPLICIT_RETAIN_SELF = YES;
				CLANG_WARN_OBJC_LITERAL_CONVERSION = YES;
				CLANG_WARN_OBJC_ROOT_CLASS = YES_ERROR;
				CLANG_WARN_QUOTED_INCLUDE_IN_FRAMEWORK_HEADER = YES;
				CLANG_WARN_RANGE_LOOP_ANALYSIS = YES;
				CLANG_WARN_STRICT_PROTOTYPES = YES;
				CLANG_WARN_SUSPICIOUS_MOVE = YES;
				CLANG_WARN_UNGUARDED_AVAILABILITY = YES_AGGRESSIVE;
				CLANG_WARN_UNREACHABLE_CODE = YES;
				CLANG_WARN__DUPLICATE_METHOD_MATCH = YES;
				COPY_PHASE_STRIP = NO;
				DEBUG_INFORMATION_FORMAT = "dwarf-with-dsym";
				ENABLE_NS_ASSERTIONS = NO;
				ENABLE_STRICT_OBJC_MSGSEND = YES;
				GCC_C_LANGUAGE_STANDARD = gnu11;
				GCC_NO_COMMON_BLOCKS = YES;
				GCC_WARN_64_TO_32_BIT_CONVERSION = YES;
				GCC_WARN_ABOUT_RETURN_TYPE = YES_ERROR;
				GCC_WARN_UNDECLARED_SELECTOR = YES;
				GCC_WARN_UNINITIALIZED_AUTOS = YES_AGGRESSIVE;
				GCC_WARN_UNUSED_FUNCTION = YES;
				GCC_WARN_UNUSED_VARIABLE = YES;
				IPHONEOS_DEPLOYMENT_TARGET = 15.5;
				MTL_ENABLE_DEBUG_INFO = NO;
				MTL_FAST_MATH = YES;
				SDKROOT = iphoneos;
				SWIFT_COMPILATION_MODE = wholemodule;
				SWIFT_OPTIMIZATION_LEVEL = "-O";
				VALIDATE_PRODUCT = YES;
			};
			name = Release;
		};
		FB059C2E2A0180640053225F /* Debug */ = {
			isa = XCBuildConfiguration;
			baseConfigurationReference = E88EACDF434633D9B4E53304 /* Pods-moneyspentiOS.debug.xcconfig */;
			buildSettings = {
				ASSETCATALOG_COMPILER_APPICON_NAME = AppIcon;
				ASSETCATALOG_COMPILER_GLOBAL_ACCENT_COLOR_NAME = AccentColor;
				CODE_SIGN_STYLE = Automatic;
				CURRENT_PROJECT_VERSION = 1;
				GENERATE_INFOPLIST_FILE = YES;
				INFOPLIST_FILE = moneyspentiOS/Info.plist;
				INFOPLIST_KEY_UIApplicationSupportsIndirectInputEvents = YES;
				INFOPLIST_KEY_UILaunchStoryboardName = LaunchScreen;
				INFOPLIST_KEY_UIMainStoryboardFile = Main;
				INFOPLIST_KEY_UISupportedInterfaceOrientations_iPad = "UIInterfaceOrientationPortrait UIInterfaceOrientationPortraitUpsideDown UIInterfaceOrientationLandscapeLeft UIInterfaceOrientationLandscapeRight";
				INFOPLIST_KEY_UISupportedInterfaceOrientations_iPhone = "UIInterfaceOrientationPortrait UIInterfaceOrientationLandscapeLeft UIInterfaceOrientationLandscapeRight";
				LD_RUNPATH_SEARCH_PATHS = (
					"$(inherited)",
					"@executable_path/Frameworks",
				);
				MARKETING_VERSION = 1.0;
				PRODUCT_BUNDLE_IDENTIFIER = com.glidotalks.moneyspentiOS;
				PRODUCT_NAME = "$(TARGET_NAME)";
				SWIFT_EMIT_LOC_STRINGS = YES;
				SWIFT_VERSION = 5.0;
				TARGETED_DEVICE_FAMILY = "1,2";
			};
			name = Debug;
		};
		FB059C2F2A0180640053225F /* Release */ = {
			isa = XCBuildConfiguration;
			baseConfigurationReference = 94B254E0A2765B3CCA94A61F /* Pods-moneyspentiOS.release.xcconfig */;
			buildSettings = {
				ASSETCATALOG_COMPILER_APPICON_NAME = AppIcon;
				ASSETCATALOG_COMPILER_GLOBAL_ACCENT_COLOR_NAME = AccentColor;
				CODE_SIGN_STYLE = Automatic;
				CURRENT_PROJECT_VERSION = 1;
				GENERATE_INFOPLIST_FILE = YES;
				INFOPLIST_FILE = moneyspentiOS/Info.plist;
				INFOPLIST_KEY_UIApplicationSupportsIndirectInputEvents = YES;
				INFOPLIST_KEY_UILaunchStoryboardName = LaunchScreen;
				INFOPLIST_KEY_UIMainStoryboardFile = Main;
				INFOPLIST_KEY_UISupportedInterfaceOrientations_iPad = "UIInterfaceOrientationPortrait UIInterfaceOrientationPortraitUpsideDown UIInterfaceOrientationLandscapeLeft UIInterfaceOrientationLandscapeRight";
				INFOPLIST_KEY_UISupportedInterfaceOrientations_iPhone = "UIInterfaceOrientationPortrait UIInterfaceOrientationLandscapeLeft UIInterfaceOrientationLandscapeRight";
				LD_RUNPATH_SEARCH_PATHS = (
					"$(inherited)",
					"@executable_path/Frameworks",
				);
				MARKETING_VERSION = 1.0;
				PRODUCT_BUNDLE_IDENTIFIER = com.glidotalks.moneyspentiOS;
				PRODUCT_NAME = "$(TARGET_NAME)";
				SWIFT_EMIT_LOC_STRINGS = YES;
				SWIFT_VERSION = 5.0;
				TARGETED_DEVICE_FAMILY = "1,2";
			};
			name = Release;
		};
		FB059C312A0180640053225F /* Debug */ = {
			isa = XCBuildConfiguration;
			baseConfigurationReference = F7C6B56F994811A6ADE17A39 /* Pods-moneyspentiOSTests.debug.xcconfig */;
			buildSettings = {
				ALWAYS_EMBED_SWIFT_STANDARD_LIBRARIES = YES;
				BUNDLE_LOADER = "$(TEST_HOST)";
				CODE_SIGN_STYLE = Automatic;
				CURRENT_PROJECT_VERSION = 1;
				GENERATE_INFOPLIST_FILE = YES;
				IPHONEOS_DEPLOYMENT_TARGET = 15.5;
				MARKETING_VERSION = 1.0;
				PRODUCT_BUNDLE_IDENTIFIER = com.glidotalks.moneyspentiOSTests;
				PRODUCT_NAME = "$(TARGET_NAME)";
				SWIFT_EMIT_LOC_STRINGS = NO;
				SWIFT_VERSION = 5.0;
				TARGETED_DEVICE_FAMILY = "1,2";
				TEST_HOST = "$(BUILT_PRODUCTS_DIR)/moneyspentiOS.app/moneyspentiOS";
			};
			name = Debug;
		};
		FB059C322A0180640053225F /* Release */ = {
			isa = XCBuildConfiguration;
			baseConfigurationReference = 8ED80B93FEDD3D40D150D01F /* Pods-moneyspentiOSTests.release.xcconfig */;
			buildSettings = {
				ALWAYS_EMBED_SWIFT_STANDARD_LIBRARIES = YES;
				BUNDLE_LOADER = "$(TEST_HOST)";
				CODE_SIGN_STYLE = Automatic;
				CURRENT_PROJECT_VERSION = 1;
				GENERATE_INFOPLIST_FILE = YES;
				IPHONEOS_DEPLOYMENT_TARGET = 15.5;
				MARKETING_VERSION = 1.0;
				PRODUCT_BUNDLE_IDENTIFIER = com.glidotalks.moneyspentiOSTests;
				PRODUCT_NAME = "$(TARGET_NAME)";
				SWIFT_EMIT_LOC_STRINGS = NO;
				SWIFT_VERSION = 5.0;
				TARGETED_DEVICE_FAMILY = "1,2";
				TEST_HOST = "$(BUILT_PRODUCTS_DIR)/moneyspentiOS.app/moneyspentiOS";
			};
			name = Release;
		};
		FB059C342A0180640053225F /* Debug */ = {
			isa = XCBuildConfiguration;
			baseConfigurationReference = B868F772165D90DD510C1E80 /* Pods-moneyspentiOS-moneyspentiOSUITests.debug.xcconfig */;
			buildSettings = {
				ALWAYS_EMBED_SWIFT_STANDARD_LIBRARIES = YES;
				CODE_SIGN_STYLE = Automatic;
				CURRENT_PROJECT_VERSION = 1;
				GENERATE_INFOPLIST_FILE = YES;
				MARKETING_VERSION = 1.0;
				PRODUCT_BUNDLE_IDENTIFIER = com.glidotalks.moneyspentiOSUITests;
				PRODUCT_NAME = "$(TARGET_NAME)";
				SWIFT_EMIT_LOC_STRINGS = NO;
				SWIFT_VERSION = 5.0;
				TARGETED_DEVICE_FAMILY = "1,2";
				TEST_TARGET_NAME = moneyspentiOS;
			};
			name = Debug;
		};
		FB059C352A0180640053225F /* Release */ = {
			isa = XCBuildConfiguration;
			baseConfigurationReference = 78BB3417A2C6214F8D561C59 /* Pods-moneyspentiOS-moneyspentiOSUITests.release.xcconfig */;
			buildSettings = {
				ALWAYS_EMBED_SWIFT_STANDARD_LIBRARIES = YES;
				CODE_SIGN_STYLE = Automatic;
				CURRENT_PROJECT_VERSION = 1;
				GENERATE_INFOPLIST_FILE = YES;
				MARKETING_VERSION = 1.0;
				PRODUCT_BUNDLE_IDENTIFIER = com.glidotalks.moneyspentiOSUITests;
				PRODUCT_NAME = "$(TARGET_NAME)";
				SWIFT_EMIT_LOC_STRINGS = NO;
				SWIFT_VERSION = 5.0;
				TARGETED_DEVICE_FAMILY = "1,2";
				TEST_TARGET_NAME = moneyspentiOS;
			};
			name = Release;
		};
/* End XCBuildConfiguration section */

/* Begin XCConfigurationList section */
		FB059BFE2A0180630053225F /* Build configuration list for PBXProject "moneyspentiOS" */ = {
			isa = XCConfigurationList;
			buildConfigurations = (
				FB059C2B2A0180640053225F /* Debug */,
				FB059C2C2A0180640053225F /* Release */,
			);
			defaultConfigurationIsVisible = 0;
			defaultConfigurationName = Release;
		};
		FB059C2D2A0180640053225F /* Build configuration list for PBXNativeTarget "moneyspentiOS" */ = {
			isa = XCConfigurationList;
			buildConfigurations = (
				FB059C2E2A0180640053225F /* Debug */,
				FB059C2F2A0180640053225F /* Release */,
			);
			defaultConfigurationIsVisible = 0;
			defaultConfigurationName = Release;
		};
		FB059C302A0180640053225F /* Build configuration list for PBXNativeTarget "moneyspentiOSTests" */ = {
			isa = XCConfigurationList;
			buildConfigurations = (
				FB059C312A0180640053225F /* Debug */,
				FB059C322A0180640053225F /* Release */,
			);
			defaultConfigurationIsVisible = 0;
			defaultConfigurationName = Release;
		};
		FB059C332A0180640053225F /* Build configuration list for PBXNativeTarget "moneyspentiOSUITests" */ = {
			isa = XCConfigurationList;
			buildConfigurations = (
				FB059C342A0180640053225F /* Debug */,
				FB059C352A0180640053225F /* Release */,
			);
			defaultConfigurationIsVisible = 0;
			defaultConfigurationName = Release;
		};
/* End XCConfigurationList section */

/* Begin XCVersionGroup section */
		FB59569C2A177B0C0097A5B2 /* ExpenseCoreData.xcdatamodeld */ = {
			isa = XCVersionGroup;
			children = (
				FB59569D2A177B0C0097A5B2 /* ExpenseCoreData.xcdatamodel */,
			);
			currentVersion = FB59569D2A177B0C0097A5B2 /* ExpenseCoreData.xcdatamodel */;
			path = ExpenseCoreData.xcdatamodeld;
			sourceTree = "<group>";
			versionGroupType = wrapper.xcdatamodel;
		};
/* End XCVersionGroup section */
	};
	rootObject = FB059BFB2A0180630053225F /* Project object */;
}
